# THIS IS AN AUTOGENERATED FILE. DO NOT EDIT THIS FILE DIRECTLY.
# yarn lockfile v1


decimal.js@^7.2.4:
  version "7.2.4"
  resolved "https://registry.yarnpkg.com/decimal.js/-/decimal.js-7.2.4.tgz#794db1dd5e7071e132a59ced9cc9aad3cce2551d"

lodash@^4.17.4:
  version "4.17.4"
  resolved "https://registry.yarnpkg.com/lodash/-/lodash-4.17.4.tgz#78203a4d1c328ae1d86dca6460e369b57f4055ae"

readline-sync@^1.4.7:
  version "1.4.7"
  resolved "https://registry.yarnpkg.com/readline-sync/-/readline-sync-1.4.7.tgz#001bfdd4c06110c3c084c63bf7c6a56022213f30"
